
Microsoft Visual Studio Solution File, Format Version 12.00
# Visual Studio Version 16
VisualStudioVersion = 16.0.31829.152
MinimumVisualStudioVersion = 10.0.40219.1
Project("{FAE04EC0-301F-11D3-BF4B-00C04F79EFBC}") = "p16ex01", "SDA2035_WPF_HW16\p16ex01.csproj", "{04A6AC00-ADB5-408E-B63D-6277028F9270}"
EndProject
Project("{FAE04EC0-301F-11D3-BF4B-00C04F79EFBC}") = "p16ex02", "p16ex02\p16ex02.csproj", "{07C984AB-CDA5-4846-A616-F23AD0CE9191}"
EndProject
Global
	GlobalSection(SolutionConfigurationPlatforms) = preSolution
		Debug|Any CPU = Debug|Any CPU
		Release|Any CPU = Release|Any CPU
	EndGlobalSection
	GlobalSection(ProjectConfigurationPlatforms) = postSolution
		{04A6AC00-ADB5-408E-B63D-6277028F9270}.Debug|Any CPU.ActiveCfg = Debug|Any CPU
		{04A6AC00-ADB5-408E-B63D-6277028F9270}.Debug|Any CPU.Build.0 = Debug|Any CPU
		{04A6AC00-ADB5-408E-B63D-6277028F9270}.Release|Any CPU.ActiveCfg = Release|Any CPU
		{04A6AC00-ADB5-408E-B63D-6277028F9270}.Release|Any CPU.Build.0 = Release|Any CPU
		{07C984AB-CDA5-4846-A616-F23AD0CE9191}.Debug|Any CPU.ActiveCfg = Debug|Any CPU
		{07C984AB-CDA5-4846-A616-F23AD0CE9191}.Debug|Any CPU.Build.0 = Debug|Any CPU
		{07C984AB-CDA5-4846-A616-F23AD0CE9191}.Release|Any CPU.ActiveCfg = Release|Any CPU
		{07C984AB-CDA5-4846-A616-F23AD0CE9191}.Release|Any CPU.Build.0 = Release|Any CPU
	EndGlobalSection
	GlobalSection(SolutionProperties) = preSolution
		HideSolutionNode = FALSE
	EndGlobalSection
	GlobalSection(ExtensibilityGlobals) = postSolution
		SolutionGuid = {BB1EE2A9-613B-4ABF-8471-1C74B1DC41C5}
	EndGlobalSection
EndGlobal
